
Microsoft Visual Studio Solution File, Format Version 12.00
# Visual Studio Version 17
VisualStudioVersion = 17.13.35931.197 d17.13
MinimumVisualStudioVersion = 10.0.40219.1
Project("{FAE04EC0-301F-11D3-BF4B-00C04F79EFBC}") = "WentzFreunde Pilot", "WentzFreunde Pilot\WentzFreunde Pilot.csproj", "{6344A292-23F2-4449-A93C-92112E685629}"
EndProject
Global
	GlobalSection(SolutionConfigurationPlatforms) = preSolution
		Debug|Any CPU = Debug|Any CPU
		Release|Any CPU = Release|Any CPU
	EndGlobalSection
	GlobalSection(ProjectConfigurationPlatforms) = postSolution
		{6344A292-23F2-4449-A93C-92112E685629}.Debug|Any CPU.ActiveCfg = Debug|Any CPU
		{6344A292-23F2-4449-A93C-92112E685629}.Debug|Any CPU.Build.0 = Debug|Any CPU
		{6344A292-23F2-4449-A93C-92112E685629}.Release|Any CPU.ActiveCfg = Release|Any CPU
		{6344A292-23F2-4449-A93C-92112E685629}.Release|Any CPU.Build.0 = Release|Any CPU
	EndGlobalSection
	GlobalSection(SolutionProperties) = preSolution
		HideSolutionNode = FALSE
	EndGlobalSection
	GlobalSection(ExtensibilityGlobals) = postSolution
		SolutionGuid = {5ECC52E9-8267-41D8-90BA-42D37DC527A4}
	EndGlobalSection
EndGlobal
